// !$*UTF8*$!
{
	archiveVersion = 1;
	classes = {
	};
	objectVersion = 56;
	objects = {

/* Begin PBXBuildFile section */
		F701466A29E241DB005844D8 /* ReferenceCode.swift in Sources */ = {isa = PBXBuildFile; fileRef = F701466929E241DB005844D8 /* ReferenceCode.swift */; };
		F701466C29E24207005844D8 /* RMInfo.swift in Sources */ = {isa = PBXBuildFile; fileRef = F701466B29E24207005844D8 /* RMInfo.swift */; };
		F701467329E28442005844D8 /* ListView.swift in Sources */ = {isa = PBXBuildFile; fileRef = F701467229E28442005844D8 /* ListView.swift */; };
		F701467529E28725005844D8 /* RMCharacterViewModel.swift in Sources */ = {isa = PBXBuildFile; fileRef = F701467429E28725005844D8 /* RMCharacterViewModel.swift */; };
		F730242429E5CF2E002A9DE0 /* Color.swift in Sources */ = {isa = PBXBuildFile; fileRef = F730242329E5CF2E002A9DE0 /* Color.swift */; };
		F742D0E529E769DB008A21E5 /* CoreDataModel.xcdatamodeld in Sources */ = {isa = PBXBuildFile; fileRef = F742D0E329E769DB008A21E5 /* CoreDataModel.xcdatamodeld */; };
		F742D12029E77E6C008A21E5 /* Quicksand.ttf in Resources */ = {isa = PBXBuildFile; fileRef = F742D11F29E77E6C008A21E5 /* Quicksand.ttf */; };
		F742D12229E77E81008A21E5 /* DynaPuff.ttf in Resources */ = {isa = PBXBuildFile; fileRef = F742D12129E77E81008A21E5 /* DynaPuff.ttf */; };
		F7A21ADC29E639F800B0005A /* SliderTabBar.swift in Sources */ = {isa = PBXBuildFile; fileRef = F7A21ADB29E639F800B0005A /* SliderTabBar.swift */; };
		F7A21ADE29E63A9E00B0005A /* ListFunc.swift in Sources */ = {isa = PBXBuildFile; fileRef = F7A21ADD29E63A9E00B0005A /* ListFunc.swift */; };
		F7A21AE129E6645B00B0005A /* SplashView.swift in Sources */ = {isa = PBXBuildFile; fileRef = F7A21AE029E6645B00B0005A /* SplashView.swift */; };
		F7D9B2C529E6307600B45E88 /* DetailView.swift in Sources */ = {isa = PBXBuildFile; fileRef = F7D9B2C429E6307600B45E88 /* DetailView.swift */; };
		F7EAE33129DFA25500D50610 /* RickAndMortySwiftUIApp.swift in Sources */ = {isa = PBXBuildFile; fileRef = F7EAE33029DFA25500D50610 /* RickAndMortySwiftUIApp.swift */; };
		F7EAE33529DFA25700D50610 /* Assets.xcassets in Resources */ = {isa = PBXBuildFile; fileRef = F7EAE33429DFA25700D50610 /* Assets.xcassets */; };
		F7EAE33829DFA25700D50610 /* Preview Assets.xcassets in Resources */ = {isa = PBXBuildFile; fileRef = F7EAE33729DFA25700D50610 /* Preview Assets.xcassets */; };
		F7EAE33F29E0625A00D50610 /* AppView.swift in Sources */ = {isa = PBXBuildFile; fileRef = F7EAE33E29E0625A00D50610 /* AppView.swift */; };
		F7EAE34829E0683700D50610 /* RMLocation.swift in Sources */ = {isa = PBXBuildFile; fileRef = F7EAE34729E0683700D50610 /* RMLocation.swift */; };
		F7EAE34A29E06EAC00D50610 /* RMResults.swift in Sources */ = {isa = PBXBuildFile; fileRef = F7EAE34929E06EAC00D50610 /* RMResults.swift */; };
		F7EAE34C29E06F2400D50610 /* RMCharacter.swift in Sources */ = {isa = PBXBuildFile; fileRef = F7EAE34B29E06F2400D50610 /* RMCharacter.swift */; };
		F7EAE35029E070F700D50610 /* RMSingleLocation.swift in Sources */ = {isa = PBXBuildFile; fileRef = F7EAE34F29E070F700D50610 /* RMSingleLocation.swift */; };
		F7EAE35529E08F4400D50610 /* RMLocationViewModel.swift in Sources */ = {isa = PBXBuildFile; fileRef = F7EAE35429E08F4400D50610 /* RMLocationViewModel.swift */; };
/* End PBXBuildFile section */

/* Begin PBXFileReference section */
		F701466929E241DB005844D8 /* ReferenceCode.swift */ = {isa = PBXFileReference; lastKnownFileType = sourcecode.swift; path = ReferenceCode.swift; sourceTree = "<group>"; };
		F701466B29E24207005844D8 /* RMInfo.swift */ = {isa = PBXFileReference; lastKnownFileType = sourcecode.swift; path = RMInfo.swift; sourceTree = "<group>"; };
		F701467229E28442005844D8 /* ListView.swift */ = {isa = PBXFileReference; lastKnownFileType = sourcecode.swift; path = ListView.swift; sourceTree = "<group>"; };
		F701467429E28725005844D8 /* RMCharacterViewModel.swift */ = {isa = PBXFileReference; lastKnownFileType = sourcecode.swift; path = RMCharacterViewModel.swift; sourceTree = "<group>"; };
		F730242329E5CF2E002A9DE0 /* Color.swift */ = {isa = PBXFileReference; lastKnownFileType = sourcecode.swift; path = Color.swift; sourceTree = "<group>"; };
		F742D0E429E769DB008A21E5 /* CoreDataModel.xcdatamodel */ = {isa = PBXFileReference; lastKnownFileType = wrapper.xcdatamodel; path = CoreDataModel.xcdatamodel; sourceTree = "<group>"; };
		F742D11C29E77D00008A21E5 /* Info.plist */ = {isa = PBXFileReference; lastKnownFileType = text.plist; path = Info.plist; sourceTree = "<group>"; };
		F742D11F29E77E6C008A21E5 /* Quicksand.ttf */ = {isa = PBXFileReference; lastKnownFileType = file; path = Quicksand.ttf; sourceTree = "<group>"; };
		F742D12129E77E81008A21E5 /* DynaPuff.ttf */ = {isa = PBXFileReference; lastKnownFileType = file; path = DynaPuff.ttf; sourceTree = "<group>"; };
		F7A21ADB29E639F800B0005A /* SliderTabBar.swift */ = {isa = PBXFileReference; lastKnownFileType = sourcecode.swift; path = SliderTabBar.swift; sourceTree = "<group>"; };
		F7A21ADD29E63A9E00B0005A /* ListFunc.swift */ = {isa = PBXFileReference; lastKnownFileType = sourcecode.swift; path = ListFunc.swift; sourceTree = "<group>"; };
		F7A21AE029E6645B00B0005A /* SplashView.swift */ = {isa = PBXFileReference; lastKnownFileType = sourcecode.swift; path = SplashView.swift; sourceTree = "<group>"; };
		F7D9B2C429E6307600B45E88 /* DetailView.swift */ = {isa = PBXFileReference; lastKnownFileType = sourcecode.swift; path = DetailView.swift; sourceTree = "<group>"; };
		F7EAE32D29DFA25500D50610 /* RickAndMortySwiftUI.app */ = {isa = PBXFileReference; explicitFileType = wrapper.application; includeInIndex = 0; path = RickAndMortySwiftUI.app; sourceTree = BUILT_PRODUCTS_DIR; };
		F7EAE33029DFA25500D50610 /* RickAndMortySwiftUIApp.swift */ = {isa = PBXFileReference; lastKnownFileType = sourcecode.swift; path = RickAndMortySwiftUIApp.swift; sourceTree = "<group>"; };
		F7EAE33429DFA25700D50610 /* Assets.xcassets */ = {isa = PBXFileReference; lastKnownFileType = folder.assetcatalog; path = Assets.xcassets; sourceTree = "<group>"; };
		F7EAE33729DFA25700D50610 /* Preview Assets.xcassets */ = {isa = PBXFileReference; lastKnownFileType = folder.assetcatalog; path = "Preview Assets.xcassets"; sourceTree = "<group>"; };
		F7EAE33E29E0625A00D50610 /* AppView.swift */ = {isa = PBXFileReference; lastKnownFileType = sourcecode.swift; path = AppView.swift; sourceTree = "<group>"; };
		F7EAE34729E0683700D50610 /* RMLocation.swift */ = {isa = PBXFileReference; lastKnownFileType = sourcecode.swift; path = RMLocation.swift; sourceTree = "<group>"; };
		F7EAE34929E06EAC00D50610 /* RMResults.swift */ = {isa = PBXFileReference; lastKnownFileType = sourcecode.swift; path = RMResults.swift; sourceTree = "<group>"; };
		F7EAE34B29E06F2400D50610 /* RMCharacter.swift */ = {isa = PBXFileReference; lastKnownFileType = sourcecode.swift; path = RMCharacter.swift; sourceTree = "<group>"; };
		F7EAE34F29E070F700D50610 /* RMSingleLocation.swift */ = {isa = PBXFileReference; lastKnownFileType = sourcecode.swift; path = RMSingleLocation.swift; sourceTree = "<group>"; };
		F7EAE35429E08F4400D50610 /* RMLocationViewModel.swift */ = {isa = PBXFileReference; lastKnownFileType = sourcecode.swift; path = RMLocationViewModel.swift; sourceTree = "<group>"; };
/* End PBXFileReference section */

/* Begin PBXFrameworksBuildPhase section */
		F7EAE32A29DFA25500D50610 /* Frameworks */ = {
			isa = PBXFrameworksBuildPhase;
			buildActionMask = 2147483647;
			files = (
			);
			runOnlyForDeploymentPostprocessing = 0;
		};
/* End PBXFrameworksBuildPhase section */

/* Begin PBXGroup section */
		F701466D29E2427C005844D8 /* LocationModel */ = {
			isa = PBXGroup;
			children = (
				F7EAE34729E0683700D50610 /* RMLocation.swift */,
				F7EAE34929E06EAC00D50610 /* RMResults.swift */,
				F701466B29E24207005844D8 /* RMInfo.swift */,
			);
			path = LocationModel;
			sourceTree = "<group>";
		};
		F701466E29E2428E005844D8 /* CharacterModel */ = {
			isa = PBXGroup;
			children = (
				F7EAE34B29E06F2400D50610 /* RMCharacter.swift */,
				F7EAE34F29E070F700D50610 /* RMSingleLocation.swift */,
			);
			path = CharacterModel;
			sourceTree = "<group>";
		};
		F701466F29E24334005844D8 /* api */ = {
			isa = PBXGroup;
			children = (
				F7EAE34529E067EF00D50610 /* Model */,
			);
			path = api;
			sourceTree = "<group>";
		};
		F7EAE32429DFA25500D50610 = {
			isa = PBXGroup;
			children = (
				F7EAE32F29DFA25500D50610 /* RickAndMortySwiftUI */,
				F7EAE32E29DFA25500D50610 /* Products */,
			);
			sourceTree = "<group>";
		};
		F7EAE32E29DFA25500D50610 /* Products */ = {
			isa = PBXGroup;
			children = (
				F7EAE32D29DFA25500D50610 /* RickAndMortySwiftUI.app */,
			);
			name = Products;
			sourceTree = "<group>";
		};
		F7EAE32F29DFA25500D50610 /* RickAndMortySwiftUI */ = {
			isa = PBXGroup;
			children = (
				F7EAE34629E0680C00D50610 /* View */,
				F7EAE35629E08F4900D50610 /* ViewModel */,
				F701466F29E24334005844D8 /* api */,
				F7EAE34029E0678C00D50610 /* Components */,
				F7EAE33429DFA25700D50610 /* Assets.xcassets */,
				F7EAE33629DFA25700D50610 /* Preview Content */,
				F701466929E241DB005844D8 /* ReferenceCode.swift */,
				F742D11F29E77E6C008A21E5 /* Quicksand.ttf */,
				F742D11C29E77D00008A21E5 /* Info.plist */,
				F742D12129E77E81008A21E5 /* DynaPuff.ttf */,
				F742D0E329E769DB008A21E5 /* CoreDataModel.xcdatamodeld */,
			);
			path = RickAndMortySwiftUI;
			sourceTree = "<group>";
		};
		F7EAE33629DFA25700D50610 /* Preview Content */ = {
			isa = PBXGroup;
			children = (
				F7EAE33729DFA25700D50610 /* Preview Assets.xcassets */,
			);
			path = "Preview Content";
			sourceTree = "<group>";
		};
		F7EAE34029E0678C00D50610 /* Components */ = {
			isa = PBXGroup;
			children = (
				F730242329E5CF2E002A9DE0 /* Color.swift */,
				F7A21ADD29E63A9E00B0005A /* ListFunc.swift */,
			);
			path = Components;
			sourceTree = "<group>";
		};
		F7EAE34529E067EF00D50610 /* Model */ = {
			isa = PBXGroup;
			children = (
				F701466D29E2427C005844D8 /* LocationModel */,
				F701466E29E2428E005844D8 /* CharacterModel */,
			);
			path = Model;
			sourceTree = "<group>";
		};
		F7EAE34629E0680C00D50610 /* View */ = {
			isa = PBXGroup;
			children = (
				F7EAE33029DFA25500D50610 /* RickAndMortySwiftUIApp.swift */,
				F7A21AE029E6645B00B0005A /* SplashView.swift */,
				F7EAE33E29E0625A00D50610 /* AppView.swift */,
				F7A21ADB29E639F800B0005A /* SliderTabBar.swift */,
				F701467229E28442005844D8 /* ListView.swift */,
				F7D9B2C429E6307600B45E88 /* DetailView.swift */,
			);
			path = View;
			sourceTree = "<group>";
		};
		F7EAE35629E08F4900D50610 /* ViewModel */ = {
			isa = PBXGroup;
			children = (
				F7EAE35429E08F4400D50610 /* RMLocationViewModel.swift */,
				F701467429E28725005844D8 /* RMCharacterViewModel.swift */,
			);
			path = ViewModel;
			sourceTree = "<group>";
		};
/* End PBXGroup section */

/* Begin PBXNativeTarget section */
		F7EAE32C29DFA25500D50610 /* RickAndMortySwiftUI */ = {
			isa = PBXNativeTarget;
			buildConfigurationList = F7EAE33B29DFA25700D50610 /* Build configuration list for PBXNativeTarget "RickAndMortySwiftUI" */;
			buildPhases = (
				F7EAE32929DFA25500D50610 /* Sources */,
				F7EAE32A29DFA25500D50610 /* Frameworks */,
				F7EAE32B29DFA25500D50610 /* Resources */,
			);
			buildRules = (
			);
			dependencies = (
			);
			name = RickAndMortySwiftUI;
			productName = RickAndMortySwiftUI;
			productReference = F7EAE32D29DFA25500D50610 /* RickAndMortySwiftUI.app */;
			productType = "com.apple.product-type.application";
		};
/* End PBXNativeTarget section */

/* Begin PBXProject section */
		F7EAE32529DFA25500D50610 /* Project object */ = {
			isa = PBXProject;
			attributes = {
				BuildIndependentTargetsInParallel = 1;
				LastSwiftUpdateCheck = 1430;
				LastUpgradeCheck = 1430;
				TargetAttributes = {
					F7EAE32C29DFA25500D50610 = {
						CreatedOnToolsVersion = 14.3;
					};
				};
			};
			buildConfigurationList = F7EAE32829DFA25500D50610 /* Build configuration list for PBXProject "RickAndMortySwiftUI" */;
			compatibilityVersion = "Xcode 14.0";
			developmentRegion = en;
			hasScannedForEncodings = 0;
			knownRegions = (
				en,
				Base,
			);
			mainGroup = F7EAE32429DFA25500D50610;
			productRefGroup = F7EAE32E29DFA25500D50610 /* Products */;
			projectDirPath = "";
			projectRoot = "";
			targets = (
				F7EAE32C29DFA25500D50610 /* RickAndMortySwiftUI */,
			);
		};
/* End PBXProject section */

/* Begin PBXResourcesBuildPhase section */
		F7EAE32B29DFA25500D50610 /* Resources */ = {
			isa = PBXResourcesBuildPhase;
			buildActionMask = 2147483647;
			files = (
				F7EAE33829DFA25700D50610 /* Preview Assets.xcassets in Resources */,
				F742D12029E77E6C008A21E5 /* Quicksand.ttf in Resources */,
				F742D12229E77E81008A21E5 /* DynaPuff.ttf in Resources */,
				F7EAE33529DFA25700D50610 /* Assets.xcassets in Resources */,
			);
			runOnlyForDeploymentPostprocessing = 0;
		};
/* End PBXResourcesBuildPhase section */

/* Begin PBXSourcesBuildPhase section */
		F7EAE32929DFA25500D50610 /* Sources */ = {
			isa = PBXSourcesBuildPhase;
			buildActionMask = 2147483647;
			files = (
				F701467529E28725005844D8 /* RMCharacterViewModel.swift in Sources */,
				F7EAE34829E0683700D50610 /* RMLocation.swift in Sources */,
				F7EAE34A29E06EAC00D50610 /* RMResults.swift in Sources */,
				F7EAE34C29E06F2400D50610 /* RMCharacter.swift in Sources */,
				F701466A29E241DB005844D8 /* ReferenceCode.swift in Sources */,
				F7EAE35029E070F700D50610 /* RMSingleLocation.swift in Sources */,
				F701466C29E24207005844D8 /* RMInfo.swift in Sources */,
				F730242429E5CF2E002A9DE0 /* Color.swift in Sources */,
				F742D0E529E769DB008A21E5 /* CoreDataModel.xcdatamodeld in Sources */,
				F7D9B2C529E6307600B45E88 /* DetailView.swift in Sources */,
				F7EAE33129DFA25500D50610 /* RickAndMortySwiftUIApp.swift in Sources */,
				F701467329E28442005844D8 /* ListView.swift in Sources */,
				F7A21ADE29E63A9E00B0005A /* ListFunc.swift in Sources */,
				F7A21ADC29E639F800B0005A /* SliderTabBar.swift in Sources */,
				F7EAE35529E08F4400D50610 /* RMLocationViewModel.swift in Sources */,
				F7EAE33F29E0625A00D50610 /* AppView.swift in Sources */,
				F7A21AE129E6645B00B0005A /* SplashView.swift in Sources */,
			);
			runOnlyForDeploymentPostprocessing = 0;
		};
/* End PBXSourcesBuildPhase section */

/* Begin XCBuildConfiguration section */
		F7EAE33929DFA25700D50610 /* Debug */ = {
			isa = XCBuildConfiguration;
			buildSettings = {
				ALWAYS_SEARCH_USER_PATHS = NO;
				CLANG_ANALYZER_NONNULL = YES;
				CLANG_ANALYZER_NUMBER_OBJECT_CONVERSION = YES_AGGRESSIVE;
				CLANG_CXX_LANGUAGE_STANDARD = "gnu++20";
				CLANG_ENABLE_MODULES = YES;
				CLANG_ENABLE_OBJC_ARC = YES;
				CLANG_ENABLE_OBJC_WEAK = YES;
				CLANG_WARN_BLOCK_CAPTURE_AUTORELEASING = YES;
				CLANG_WARN_BOOL_CONVERSION = YES;
				CLANG_WARN_COMMA = YES;
				CLANG_WARN_CONSTANT_CONVERSION = YES;
				CLANG_WARN_DEPRECATED_OBJC_IMPLEMENTATIONS = YES;
				CLANG_WARN_DIRECT_OBJC_ISA_USAGE = YES_ERROR;
				CLANG_WARN_DOCUMENTATION_COMMENTS = YES;
				CLANG_WARN_EMPTY_BODY = YES;
				CLANG_WARN_ENUM_CONVERSION = YES;
				CLANG_WARN_INFINITE_RECURSION = YES;
				CLANG_WARN_INT_CONVERSION = YES;
				CLANG_WARN_NON_LITERAL_NULL_CONVERSION = YES;
				CLANG_WARN_OBJC_IMPLICIT_RETAIN_SELF = YES;
				CLANG_WARN_OBJC_LITERAL_CONVERSION = YES;
				CLANG_WARN_OBJC_ROOT_CLASS = YES_ERROR;
				CLANG_WARN_QUOTED_INCLUDE_IN_FRAMEWORK_HEADER = YES;
				CLANG_WARN_RANGE_LOOP_ANALYSIS = YES;
				CLANG_WARN_STRICT_PROTOTYPES = YES;
				CLANG_WARN_SUSPICIOUS_MOVE = YES;
				CLANG_WARN_UNGUARDED_AVAILABILITY = YES_AGGRESSIVE;
				CLANG_WARN_UNREACHABLE_CODE = YES;
				CLANG_WARN__DUPLICATE_METHOD_MATCH = YES;
				COPY_PHASE_STRIP = NO;
				DEBUG_INFORMATION_FORMAT = dwarf;
				ENABLE_STRICT_OBJC_MSGSEND = YES;
				ENABLE_TESTABILITY = YES;
				GCC_C_LANGUAGE_STANDARD = gnu11;
				GCC_DYNAMIC_NO_PIC = NO;
				GCC_NO_COMMON_BLOCKS = YES;
				GCC_OPTIMIZATION_LEVEL = 0;
				GCC_PREPROCESSOR_DEFINITIONS = (
					"DEBUG=1",
					"$(inherited)",
				);
				GCC_WARN_64_TO_32_BIT_CONVERSION = YES;
				GCC_WARN_ABOUT_RETURN_TYPE = YES_ERROR;
				GCC_WARN_UNDECLARED_SELECTOR = YES;
				GCC_WARN_UNINITIALIZED_AUTOS = YES_AGGRESSIVE;
				GCC_WARN_UNUSED_FUNCTION = YES;
				GCC_WARN_UNUSED_VARIABLE = YES;
				IPHONEOS_DEPLOYMENT_TARGET = 16.4;
				MTL_ENABLE_DEBUG_INFO = INCLUDE_SOURCE;
				MTL_FAST_MATH = YES;
				ONLY_ACTIVE_ARCH = YES;
				SDKROOT = iphoneos;
				SWIFT_ACTIVE_COMPILATION_CONDITIONS = DEBUG;
				SWIFT_OPTIMIZATION_LEVEL = "-Onone";
			};
			name = Debug;
		};
		F7EAE33A29DFA25700D50610 /* Release */ = {
			isa = XCBuildConfiguration;
			buildSettings = {
				ALWAYS_SEARCH_USER_PATHS = NO;
				CLANG_ANALYZER_NONNULL = YES;
				CLANG_ANALYZER_NUMBER_OBJECT_CONVERSION = YES_AGGRESSIVE;
				CLANG_CXX_LANGUAGE_STANDARD = "gnu++20";
				CLANG_ENABLE_MODULES = YES;
				CLANG_ENABLE_OBJC_ARC = YES;
				CLANG_ENABLE_OBJC_WEAK = YES;
				CLANG_WARN_BLOCK_CAPTURE_AUTORELEASING = YES;
				CLANG_WARN_BOOL_CONVERSION = YES;
				CLANG_WARN_COMMA = YES;
				CLANG_WARN_CONSTANT_CONVERSION = YES;
				CLANG_WARN_DEPRECATED_OBJC_IMPLEMENTATIONS = YES;
				CLANG_WARN_DIRECT_OBJC_ISA_USAGE = YES_ERROR;
				CLANG_WARN_DOCUMENTATION_COMMENTS = YES;
				CLANG_WARN_EMPTY_BODY = YES;
				CLANG_WARN_ENUM_CONVERSION = YES;
				CLANG_WARN_INFINITE_RECURSION = YES;
				CLANG_WARN_INT_CONVERSION = YES;
				CLANG_WARN_NON_LITERAL_NULL_CONVERSION = YES;
				CLANG_WARN_OBJC_IMPLICIT_RETAIN_SELF = YES;
				CLANG_WARN_OBJC_LITERAL_CONVERSION = YES;
				CLANG_WARN_OBJC_ROOT_CLASS = YES_ERROR;
				CLANG_WARN_QUOTED_INCLUDE_IN_FRAMEWORK_HEADER = YES;
				CLANG_WARN_RANGE_LOOP_ANALYSIS = YES;
				CLANG_WARN_STRICT_PROTOTYPES = YES;
				CLANG_WARN_SUSPICIOUS_MOVE = YES;
				CLANG_WARN_UNGUARDED_AVAILABILITY = YES_AGGRESSIVE;
				CLANG_WARN_UNREACHABLE_CODE = YES;
				CLANG_WARN__DUPLICATE_METHOD_MATCH = YES;
				COPY_PHASE_STRIP = NO;
				DEBUG_INFORMATION_FORMAT = "dwarf-with-dsym";
				ENABLE_NS_ASSERTIONS = NO;
				ENABLE_STRICT_OBJC_MSGSEND = YES;
				GCC_C_LANGUAGE_STANDARD = gnu11;
				GCC_NO_COMMON_BLOCKS = YES;
				GCC_WARN_64_TO_32_BIT_CONVERSION = YES;
				GCC_WARN_ABOUT_RETURN_TYPE = YES_ERROR;
				GCC_WARN_UNDECLARED_SELECTOR = YES;
				GCC_WARN_UNINITIALIZED_AUTOS = YES_AGGRESSIVE;
				GCC_WARN_UNUSED_FUNCTION = YES;
				GCC_WARN_UNUSED_VARIABLE = YES;
				IPHONEOS_DEPLOYMENT_TARGET = 16.4;
				MTL_ENABLE_DEBUG_INFO = NO;
				MTL_FAST_MATH = YES;
				SDKROOT = iphoneos;
				SWIFT_COMPILATION_MODE = wholemodule;
				SWIFT_OPTIMIZATION_LEVEL = "-O";
				VALIDATE_PRODUCT = YES;
			};
			name = Release;
		};
		F7EAE33C29DFA25700D50610 /* Debug */ = {
			isa = XCBuildConfiguration;
			buildSettings = {
				ASSETCATALOG_COMPILER_APPICON_NAME = AppIcon;
				ASSETCATALOG_COMPILER_GLOBAL_ACCENT_COLOR_NAME = AccentColor;
				CODE_SIGN_STYLE = Automatic;
				CURRENT_PROJECT_VERSION = 1;
				DEVELOPMENT_ASSET_PATHS = "\"RickAndMortySwiftUI/Preview Content\"";
				DEVELOPMENT_TEAM = 25789MU4RT;
				ENABLE_PREVIEWS = YES;
				GENERATE_INFOPLIST_FILE = YES;
				INFOPLIST_FILE = RickAndMortySwiftUI/Info.plist;
				INFOPLIST_KEY_UIApplicationSceneManifest_Generation = YES;
				INFOPLIST_KEY_UIApplicationSupportsIndirectInputEvents = YES;
				INFOPLIST_KEY_UILaunchScreen_Generation = YES;
				INFOPLIST_KEY_UISupportedInterfaceOrientations_iPad = "UIInterfaceOrientationPortrait UIInterfaceOrientationPortraitUpsideDown UIInterfaceOrientationLandscapeLeft UIInterfaceOrientationLandscapeRight";
				INFOPLIST_KEY_UISupportedInterfaceOrientations_iPhone = "UIInterfaceOrientationPortrait UIInterfaceOrientationLandscapeLeft UIInterfaceOrientationLandscapeRight";
				LD_RUNPATH_SEARCH_PATHS = (
					"$(inherited)",
					"@executable_path/Frameworks",
				);
				MARKETING_VERSION = 1.0;
				PRODUCT_BUNDLE_IDENTIFIER = com.kerux.RickAndMortySwiftUI;
				PRODUCT_NAME = "$(TARGET_NAME)";
				SWIFT_EMIT_LOC_STRINGS = YES;
				SWIFT_VERSION = 5.0;
				TARGETED_DEVICE_FAMILY = "1,2";
			};
			name = Debug;
		};
		F7EAE33D29DFA25700D50610 /* Release */ = {
			isa = XCBuildConfiguration;
			buildSettings = {
				ASSETCATALOG_COMPILER_APPICON_NAME = AppIcon;
				ASSETCATALOG_COMPILER_GLOBAL_ACCENT_COLOR_NAME = AccentColor;
				CODE_SIGN_STYLE = Automatic;
				CURRENT_PROJECT_VERSION = 1;
				DEVELOPMENT_ASSET_PATHS = "\"RickAndMortySwiftUI/Preview Content\"";
				DEVELOPMENT_TEAM = 25789MU4RT;
				ENABLE_PREVIEWS = YES;
				GENERATE_INFOPLIST_FILE = YES;
				INFOPLIST_FILE = RickAndMortySwiftUI/Info.plist;
				INFOPLIST_KEY_UIApplicationSceneManifest_Generation = YES;
				INFOPLIST_KEY_UIApplicationSupportsIndirectInputEvents = YES;
				INFOPLIST_KEY_UILaunchScreen_Generation = YES;
				INFOPLIST_KEY_UISupportedInterfaceOrientations_iPad = "UIInterfaceOrientationPortrait UIInterfaceOrientationPortraitUpsideDown UIInterfaceOrientationLandscapeLeft UIInterfaceOrientationLandscapeRight";
				INFOPLIST_KEY_UISupportedInterfaceOrientations_iPhone = "UIInterfaceOrientationPortrait UIInterfaceOrientationLandscapeLeft UIInterfaceOrientationLandscapeRight";
				LD_RUNPATH_SEARCH_PATHS = (
					"$(inherited)",
					"@executable_path/Frameworks",
				);
				MARKETING_VERSION = 1.0;
				PRODUCT_BUNDLE_IDENTIFIER = com.kerux.RickAndMortySwiftUI;
				PRODUCT_NAME = "$(TARGET_NAME)";
				SWIFT_EMIT_LOC_STRINGS = YES;
				SWIFT_VERSION = 5.0;
				TARGETED_DEVICE_FAMILY = "1,2";
			};
			name = Release;
		};
/* End XCBuildConfiguration section */

/* Begin XCConfigurationList section */
		F7EAE32829DFA25500D50610 /* Build configuration list for PBXProject "RickAndMortySwiftUI" */ = {
			isa = XCConfigurationList;
			buildConfigurations = (
				F7EAE33929DFA25700D50610 /* Debug */,
				F7EAE33A29DFA25700D50610 /* Release */,
			);
			defaultConfigurationIsVisible = 0;
			defaultConfigurationName = Release;
		};
		F7EAE33B29DFA25700D50610 /* Build configuration list for PBXNativeTarget "RickAndMortySwiftUI" */ = {
			isa = XCConfigurationList;
			buildConfigurations = (
				F7EAE33C29DFA25700D50610 /* Debug */,
				F7EAE33D29DFA25700D50610 /* Release */,
			);
			defaultConfigurationIsVisible = 0;
			defaultConfigurationName = Release;
		};
/* End XCConfigurationList section */

/* Begin XCVersionGroup section */
		F742D0E329E769DB008A21E5 /* CoreDataModel.xcdatamodeld */ = {
			isa = XCVersionGroup;
			children = (
				F742D0E429E769DB008A21E5 /* CoreDataModel.xcdatamodel */,
			);
			currentVersion = F742D0E429E769DB008A21E5 /* CoreDataModel.xcdatamodel */;
			path = CoreDataModel.xcdatamodeld;
			sourceTree = "<group>";
			versionGroupType = wrapper.xcdatamodel;
		};
/* End XCVersionGroup section */
	};
	rootObject = F7EAE32529DFA25500D50610 /* Project object */;
}
